
Microsoft Visual Studio Solution File, Format Version 12.00
# Visual Studio Version 17
VisualStudioVersion = 17.0.31612.314
MinimumVisualStudioVersion = 10.0.40219.1
Project("{FAE04EC0-301F-11D3-BF4B-00C04F79EFBC}") = "ColorPicker", "ColorPicker\ColorPicker.csproj", "{32AB2510-3CB2-427B-8F58-C656AADCB88E}"
EndProject
Global
	GlobalSection(SolutionConfigurationPlatforms) = preSolution
		Debug|Any CPU = Debug|Any CPU
		Release|Any CPU = Release|Any CPU
	EndGlobalSection
	GlobalSection(ProjectConfigurationPlatforms) = postSolution
		{32AB2510-3CB2-427B-8F58-C656AADCB88E}.Debug|Any CPU.ActiveCfg = Debug|Any CPU
		{32AB2510-3CB2-427B-8F58-C656AADCB88E}.Debug|Any CPU.Build.0 = Debug|Any CPU
		{32AB2510-3CB2-427B-8F58-C656AADCB88E}.Release|Any CPU.ActiveCfg = Release|Any CPU
		{32AB2510-3CB2-427B-8F58-C656AADCB88E}.Release|Any CPU.Build.0 = Release|Any CPU
	EndGlobalSection
	GlobalSection(SolutionProperties) = preSolution
		HideSolutionNode = FALSE
	EndGlobalSection
	GlobalSection(ExtensibilityGlobals) = postSolution
		SolutionGuid = {1E74BECC-4B8C-41D3-94D6-CD4172657022}
	EndGlobalSection
EndGlobal
