
Microsoft Visual Studio Solution File, Format Version 12.00
# Visual Studio Version 17
VisualStudioVersion = 17.0.31612.314
MinimumVisualStudioVersion = 10.0.40219.1
Project("{FAE04EC0-301F-11D3-BF4B-00C04F79EFBC}") = "ColorPicker.Main", "ColorPicker.Main\ColorPicker.Main.csproj", "{C74BC40F-B2E0-4644-BDA9-CC5F85210999}"
EndProject
Project("{2150E333-8FDC-42A3-9474-1A3956D46DE8}") = "Presentation", "Presentation", "{71351A19-E5AA-4576-B4AC-D3F00357A2AF}"
EndProject
Project("{FAE04EC0-301F-11D3-BF4B-00C04F79EFBC}") = "ColorPicker", "ColorPicker\ColorPicker.csproj", "{272743E6-56B2-48A2-A8C5-7D4D88BDB716}"
EndProject
Global
	GlobalSection(SolutionConfigurationPlatforms) = preSolution
		Debug|Any CPU = Debug|Any CPU
		Release|Any CPU = Release|Any CPU
	EndGlobalSection
	GlobalSection(ProjectConfigurationPlatforms) = postSolution
		{C74BC40F-B2E0-4644-BDA9-CC5F85210999}.Debug|Any CPU.ActiveCfg = Debug|Any CPU
		{C74BC40F-B2E0-4644-BDA9-CC5F85210999}.Debug|Any CPU.Build.0 = Debug|Any CPU
		{C74BC40F-B2E0-4644-BDA9-CC5F85210999}.Release|Any CPU.ActiveCfg = Release|Any CPU
		{C74BC40F-B2E0-4644-BDA9-CC5F85210999}.Release|Any CPU.Build.0 = Release|Any CPU
		{272743E6-56B2-48A2-A8C5-7D4D88BDB716}.Debug|Any CPU.ActiveCfg = Debug|Any CPU
		{272743E6-56B2-48A2-A8C5-7D4D88BDB716}.Debug|Any CPU.Build.0 = Debug|Any CPU
		{272743E6-56B2-48A2-A8C5-7D4D88BDB716}.Release|Any CPU.ActiveCfg = Release|Any CPU
		{272743E6-56B2-48A2-A8C5-7D4D88BDB716}.Release|Any CPU.Build.0 = Release|Any CPU
	EndGlobalSection
	GlobalSection(SolutionProperties) = preSolution
		HideSolutionNode = FALSE
	EndGlobalSection
	GlobalSection(NestedProjects) = preSolution
		{C74BC40F-B2E0-4644-BDA9-CC5F85210999} = {71351A19-E5AA-4576-B4AC-D3F00357A2AF}
	EndGlobalSection
	GlobalSection(ExtensibilityGlobals) = postSolution
		SolutionGuid = {1E74BECC-4B8C-41D3-94D6-CD4172657022}
	EndGlobalSection
EndGlobal
